
Microsoft Visual Studio Solution File, Format Version 12.00
# Visual Studio Version 17
VisualStudioVersion = 17.5.33414.496
MinimumVisualStudioVersion = 10.0.40219.1
Project("{FAE04EC0-301F-11D3-BF4B-00C04F79EFBC}") = "menu-upup", "menu-upup.csproj", "{99C110F7-23E1-44A8-AA29-E7DF38D79235}"
EndProject
Global
	GlobalSection(SolutionConfigurationPlatforms) = preSolution
		Debug|Any CPU = Debug|Any CPU
		Release|Any CPU = Release|Any CPU
	EndGlobalSection
	GlobalSection(ProjectConfigurationPlatforms) = postSolution
		{99C110F7-23E1-44A8-AA29-E7DF38D79235}.Debug|Any CPU.ActiveCfg = Debug|Any CPU
		{99C110F7-23E1-44A8-AA29-E7DF38D79235}.Debug|Any CPU.Build.0 = Debug|Any CPU
		{99C110F7-23E1-44A8-AA29-E7DF38D79235}.Release|Any CPU.ActiveCfg = Release|Any CPU
		{99C110F7-23E1-44A8-AA29-E7DF38D79235}.Release|Any CPU.Build.0 = Release|Any CPU
	EndGlobalSection
	GlobalSection(SolutionProperties) = preSolution
		HideSolutionNode = FALSE
	EndGlobalSection
	GlobalSection(ExtensibilityGlobals) = postSolution
		SolutionGuid = {CB8B3CC3-831E-48A8-855B-132484099B46}
	EndGlobalSection
EndGlobal
